
Microsoft Visual Studio Solution File, Format Version 12.00
# Visual Studio 2012
Project("{FAE04EC0-301F-11D3-BF4B-00C04F79EFBC}") = "SistemaControleOnLine.Site", "SistemaControleOnLine.Site\SistemaControleOnLine.Site.csproj", "{6F6066DF-DEF7-4FF7-BC54-A077960AB0AD}"
EndProject
Project("{FAE04EC0-301F-11D3-BF4B-00C04F79EFBC}") = "SistemaControleOnLine.BLL", "SistemaControleOnLine.BLL\SistemaControleOnLine.BLL.csproj", "{6C59BC75-3F9F-496B-90AD-C19E1F1A4044}"
EndProject
Project("{FAE04EC0-301F-11D3-BF4B-00C04F79EFBC}") = "SistemaControleOnLine.DAL", "SistemaControleOnLine.DAL\SistemaControleOnLine.DAL.csproj", "{BBC79376-0DD2-46B3-A330-3D905C7FF0A6}"
EndProject
Project("{FAE04EC0-301F-11D3-BF4B-00C04F79EFBC}") = "SistemaControleOnLine.Entities", "SistemaControleOnLine.Entities\SistemaControleOnLine.Entities.csproj", "{663C5ACA-25E6-48D5-814C-995AD2E1EC42}"
EndProject
Global
	GlobalSection(SolutionConfigurationPlatforms) = preSolution
		Debug|Any CPU = Debug|Any CPU
		Release|Any CPU = Release|Any CPU
	EndGlobalSection
	GlobalSection(ProjectConfigurationPlatforms) = postSolution
		{6F6066DF-DEF7-4FF7-BC54-A077960AB0AD}.Debug|Any CPU.ActiveCfg = Debug|Any CPU
		{6F6066DF-DEF7-4FF7-BC54-A077960AB0AD}.Debug|Any CPU.Build.0 = Debug|Any CPU
		{6F6066DF-DEF7-4FF7-BC54-A077960AB0AD}.Release|Any CPU.ActiveCfg = Release|Any CPU
		{6F6066DF-DEF7-4FF7-BC54-A077960AB0AD}.Release|Any CPU.Build.0 = Release|Any CPU
		{6C59BC75-3F9F-496B-90AD-C19E1F1A4044}.Debug|Any CPU.ActiveCfg = Debug|Any CPU
		{6C59BC75-3F9F-496B-90AD-C19E1F1A4044}.Debug|Any CPU.Build.0 = Debug|Any CPU
		{6C59BC75-3F9F-496B-90AD-C19E1F1A4044}.Release|Any CPU.ActiveCfg = Release|Any CPU
		{6C59BC75-3F9F-496B-90AD-C19E1F1A4044}.Release|Any CPU.Build.0 = Release|Any CPU
		{BBC79376-0DD2-46B3-A330-3D905C7FF0A6}.Debug|Any CPU.ActiveCfg = Debug|Any CPU
		{BBC79376-0DD2-46B3-A330-3D905C7FF0A6}.Debug|Any CPU.Build.0 = Debug|Any CPU
		{BBC79376-0DD2-46B3-A330-3D905C7FF0A6}.Release|Any CPU.ActiveCfg = Release|Any CPU
		{BBC79376-0DD2-46B3-A330-3D905C7FF0A6}.Release|Any CPU.Build.0 = Release|Any CPU
		{663C5ACA-25E6-48D5-814C-995AD2E1EC42}.Debug|Any CPU.ActiveCfg = Debug|Any CPU
		{663C5ACA-25E6-48D5-814C-995AD2E1EC42}.Debug|Any CPU.Build.0 = Debug|Any CPU
		{663C5ACA-25E6-48D5-814C-995AD2E1EC42}.Release|Any CPU.ActiveCfg = Release|Any CPU
		{663C5ACA-25E6-48D5-814C-995AD2E1EC42}.Release|Any CPU.Build.0 = Release|Any CPU
	EndGlobalSection
	GlobalSection(SolutionProperties) = preSolution
		HideSolutionNode = FALSE
	EndGlobalSection
EndGlobal
